PODS:
  - Decodable (0.5)
  - Haneke (1.0.2)
  - NSObject+Rx (2.0.0):
    - RxSwift
  - Realm (2.4.2):
    - Realm/Headers (= 2.4.2)
  - Realm/Headers (2.4.2)
  - RealmSwift (2.4.2):
    - Realm (= 2.4.2)
  - RxBlocking (3.2.0):
    - RxSwift (~> 3.1)
  - RxCocoa (3.2.0):
    - RxSwift (~> 3.1)
  - RxSwift (3.2.0)
  - SnapKit (3.1.2)
  - youtube-ios-player-helper (0.1.6)

DEPENDENCIES:
  - Decodable
  - Haneke
  - NSObject+Rx
  - RealmSwift
  - RxBlocking
  - RxCocoa
  - RxSwift
  - SnapKit
  - youtube-ios-player-helper (~> 0.1.4)

SPEC CHECKSUMS:
  Decodable: 7c90acc68d357b71d0d6efc120faf9c53c644b7e
  Haneke: 01454a67322faa0dd9d81fc0f447885044e71521
  NSObject+Rx: 2a9cd801d9c847e6d2486cbad8d7701b67834e70
  Realm: d27b758e12d62a3371879a065d4c40aa212c5a54
  RealmSwift: 9556c0fe0f0cfecacfb755ae9e68ff379fc6bead
  RxBlocking: ec8ed471ba77b4fb98a2d60f1f8419b0b46eaa23
  RxCocoa: ccdf43101a70407097a29082f648ba1676075b30
  RxSwift: 46574f70d416b7923c237195939cc488a7fbf3a0
  SnapKit: 12b24f569cb7c143acc9c22b9d91b23e7b1c84a2
  youtube-ios-player-helper: 21ab92db027c7ff86cb17a3843a3f6eafc8158d2

PODFILE CHECKSUM: 304c0b707847ac540f82b6c16377ede86375400e

COCOAPODS: 1.1.1
