// !$*UTF8*$!
{
	archiveVersion = 1;
	classes = {
	};
	objectVersion = 46;
	objects = {

/* Begin PBXBuildFile section */
		03D2254C31389DACFED61DC8 /* Pods_MusicPlayer2.framework in Frameworks */ = {isa = PBXBuildFile; fileRef = ACC42F8500E3C6860C41996E /* Pods_MusicPlayer2.framework */; };
		2016615A1E4F616F00E6893D /* Movie.swift in Sources */ = {isa = PBXBuildFile; fileRef = 201661591E4F616F00E6893D /* Movie.swift */; };
		2016615C1E4F624400E6893D /* Thumbnail.swift in Sources */ = {isa = PBXBuildFile; fileRef = 2016615B1E4F624400E6893D /* Thumbnail.swift */; };
		201661601E4F64DD00E6893D /* RootViewController.storyboard in Resources */ = {isa = PBXBuildFile; fileRef = 2016615F1E4F64DD00E6893D /* RootViewController.storyboard */; };
		201661641E5131C200E6893D /* YoutubeAPIClient.swift in Sources */ = {isa = PBXBuildFile; fileRef = 201661631E5131C200E6893D /* YoutubeAPIClient.swift */; };
		201661661E5131D200E6893D /* APISerializationValue.swift in Sources */ = {isa = PBXBuildFile; fileRef = 201661651E5131D200E6893D /* APISerializationValue.swift */; };
		201661681E51345B00E6893D /* APIModel.swift in Sources */ = {isa = PBXBuildFile; fileRef = 201661671E51345B00E6893D /* APIModel.swift */; };
		2016616A1E5134DE00E6893D /* YoutubeAPI.swift in Sources */ = {isa = PBXBuildFile; fileRef = 201661691E5134DE00E6893D /* YoutubeAPI.swift */; };
		2016616C1E51350D00E6893D /* YoutubeAPI+Movie.swift in Sources */ = {isa = PBXBuildFile; fileRef = 2016616B1E51350D00E6893D /* YoutubeAPI+Movie.swift */; };
		2016616F1E51355800E6893D /* APISingleResponse.swift in Sources */ = {isa = PBXBuildFile; fileRef = 2016616E1E51355800E6893D /* APISingleResponse.swift */; };
		201661711E51356600E6893D /* APIMultipleResponse.swift in Sources */ = {isa = PBXBuildFile; fileRef = 201661701E51356600E6893D /* APIMultipleResponse.swift */; };
		201661731E51591000E6893D /* MovieDetail.swift in Sources */ = {isa = PBXBuildFile; fileRef = 201661721E51591000E6893D /* MovieDetail.swift */; };
		201661761E515F6F00E6893D /* URL+Decodable.swift in Sources */ = {isa = PBXBuildFile; fileRef = 201661751E515F6F00E6893D /* URL+Decodable.swift */; };
		203324211E5192BC0005CDEE /* APIDataSource.swift in Sources */ = {isa = PBXBuildFile; fileRef = 203324201E5192BC0005CDEE /* APIDataSource.swift */; };
		20A66E151E546C8A00F6C80D /* AutoMultiPlayerView.swift in Sources */ = {isa = PBXBuildFile; fileRef = 20A66E141E546C8A00F6C80D /* AutoMultiPlayerView.swift */; };
		20C80B191E0C30AB00961C25 /* AppDelegate.swift in Sources */ = {isa = PBXBuildFile; fileRef = 20C80B181E0C30AB00961C25 /* AppDelegate.swift */; };
		20C80B1B1E0C30AB00961C25 /* RootViewController.swift in Sources */ = {isa = PBXBuildFile; fileRef = 20C80B1A1E0C30AB00961C25 /* RootViewController.swift */; };
		20C80B201E0C30AB00961C25 /* Assets.xcassets in Resources */ = {isa = PBXBuildFile; fileRef = 20C80B1F1E0C30AB00961C25 /* Assets.xcassets */; };
		20C80B231E0C30AB00961C25 /* LaunchScreen.storyboard in Resources */ = {isa = PBXBuildFile; fileRef = 20C80B211E0C30AB00961C25 /* LaunchScreen.storyboard */; };
		20C80B2E1E0C30AB00961C25 /* MusicPlayer2Tests.swift in Sources */ = {isa = PBXBuildFile; fileRef = 20C80B2D1E0C30AB00961C25 /* MusicPlayer2Tests.swift */; };
		20C80B391E0C30AB00961C25 /* MusicPlayer2UITests.swift in Sources */ = {isa = PBXBuildFile; fileRef = 20C80B381E0C30AB00961C25 /* MusicPlayer2UITests.swift */; };
		20C80B491E0CC8C900961C25 /* PlayerContainerViewController.swift in Sources */ = {isa = PBXBuildFile; fileRef = 20C80B481E0CC8C900961C25 /* PlayerContainerViewController.swift */; };
		20C80B4D1E0EB7CC00961C25 /* MusicListCollectionViewController.swift in Sources */ = {isa = PBXBuildFile; fileRef = 20C80B4C1E0EB7CC00961C25 /* MusicListCollectionViewController.swift */; };
		20C80B511E0ED57400961C25 /* MusicItemCollectionViewCell.swift in Sources */ = {isa = PBXBuildFile; fileRef = 20C80B501E0ED57400961C25 /* MusicItemCollectionViewCell.swift */; };
		20C80B531E0ED98500961C25 /* PlayerContainerViewController.storyboard in Resources */ = {isa = PBXBuildFile; fileRef = 20C80B521E0ED98500961C25 /* PlayerContainerViewController.storyboard */; };
		20C80B551E0ED9B900961C25 /* MusicListCollectionViewController.storyboard in Resources */ = {isa = PBXBuildFile; fileRef = 20C80B541E0ED9B900961C25 /* MusicListCollectionViewController.storyboard */; };
		20F883B81E51BC030074DE1F /* StyleableView.swift in Sources */ = {isa = PBXBuildFile; fileRef = 20F883B71E51BC030074DE1F /* StyleableView.swift */; };
		20F883BA1E51C4420074DE1F /* TabMenuViewController.swift in Sources */ = {isa = PBXBuildFile; fileRef = 20F883B91E51C4420074DE1F /* TabMenuViewController.swift */; };
		20F883BC1E51C6D20074DE1F /* TabMenuViewController.storyboard in Resources */ = {isa = PBXBuildFile; fileRef = 20F883BB1E51C6D20074DE1F /* TabMenuViewController.storyboard */; };
		20F883BF1E52F7C10074DE1F /* MusicPlayerManager.swift in Sources */ = {isa = PBXBuildFile; fileRef = 20F883BE1E52F7C10074DE1F /* MusicPlayerManager.swift */; };
		20F883C11E5310400074DE1F /* sample.html in Resources */ = {isa = PBXBuildFile; fileRef = 20F883C01E5310400074DE1F /* sample.html */; };
		20F883C31E53D84F0074DE1F /* youtube_ios_player_helper.framework in Frameworks */ = {isa = PBXBuildFile; fileRef = 20F883C21E53D84F0074DE1F /* youtube_ios_player_helper.framework */; };
/* End PBXBuildFile section */

/* Begin PBXContainerItemProxy section */
		20C80B2A1E0C30AB00961C25 /* PBXContainerItemProxy */ = {
			isa = PBXContainerItemProxy;
			containerPortal = 20C80B0D1E0C30AB00961C25 /* Project object */;
			proxyType = 1;
			remoteGlobalIDString = 20C80B141E0C30AB00961C25;
			remoteInfo = MusicPlayer2;
		};
		20C80B351E0C30AB00961C25 /* PBXContainerItemProxy */ = {
			isa = PBXContainerItemProxy;
			containerPortal = 20C80B0D1E0C30AB00961C25 /* Project object */;
			proxyType = 1;
			remoteGlobalIDString = 20C80B141E0C30AB00961C25;
			remoteInfo = MusicPlayer2;
		};
/* End PBXContainerItemProxy section */

/* Begin PBXFileReference section */
		1F641F029768C8381058392B /* Pods-MusicPlayer2.release.xcconfig */ = {isa = PBXFileReference; includeInIndex = 1; lastKnownFileType = text.xcconfig; name = "Pods-MusicPlayer2.release.xcconfig"; path = "Pods/Target Support Files/Pods-MusicPlayer2/Pods-MusicPlayer2.release.xcconfig"; sourceTree = "<group>"; };
		201661591E4F616F00E6893D /* Movie.swift */ = {isa = PBXFileReference; fileEncoding = 4; lastKnownFileType = sourcecode.swift; path = Movie.swift; sourceTree = "<group>"; };
		2016615B1E4F624400E6893D /* Thumbnail.swift */ = {isa = PBXFileReference; fileEncoding = 4; lastKnownFileType = sourcecode.swift; path = Thumbnail.swift; sourceTree = "<group>"; };
		2016615F1E4F64DD00E6893D /* RootViewController.storyboard */ = {isa = PBXFileReference; fileEncoding = 4; lastKnownFileType = file.storyboard; path = RootViewController.storyboard; sourceTree = "<group>"; };
		201661631E5131C200E6893D /* YoutubeAPIClient.swift */ = {isa = PBXFileReference; fileEncoding = 4; lastKnownFileType = sourcecode.swift; path = YoutubeAPIClient.swift; sourceTree = "<group>"; };
		201661651E5131D200E6893D /* APISerializationValue.swift */ = {isa = PBXFileReference; fileEncoding = 4; lastKnownFileType = sourcecode.swift; path = APISerializationValue.swift; sourceTree = "<group>"; };
		201661671E51345B00E6893D /* APIModel.swift */ = {isa = PBXFileReference; fileEncoding = 4; lastKnownFileType = sourcecode.swift; path = APIModel.swift; sourceTree = "<group>"; };
		201661691E5134DE00E6893D /* YoutubeAPI.swift */ = {isa = PBXFileReference; fileEncoding = 4; lastKnownFileType = sourcecode.swift; path = YoutubeAPI.swift; sourceTree = "<group>"; };
		2016616B1E51350D00E6893D /* YoutubeAPI+Movie.swift */ = {isa = PBXFileReference; fileEncoding = 4; lastKnownFileType = sourcecode.swift; path = "YoutubeAPI+Movie.swift"; sourceTree = "<group>"; };
		2016616E1E51355800E6893D /* APISingleResponse.swift */ = {isa = PBXFileReference; fileEncoding = 4; lastKnownFileType = sourcecode.swift; path = APISingleResponse.swift; sourceTree = "<group>"; };
		201661701E51356600E6893D /* APIMultipleResponse.swift */ = {isa = PBXFileReference; fileEncoding = 4; lastKnownFileType = sourcecode.swift; path = APIMultipleResponse.swift; sourceTree = "<group>"; };
		201661721E51591000E6893D /* MovieDetail.swift */ = {isa = PBXFileReference; fileEncoding = 4; lastKnownFileType = sourcecode.swift; path = MovieDetail.swift; sourceTree = "<group>"; };
		201661751E515F6F00E6893D /* URL+Decodable.swift */ = {isa = PBXFileReference; fileEncoding = 4; lastKnownFileType = sourcecode.swift; path = "URL+Decodable.swift"; sourceTree = "<group>"; };
		203324201E5192BC0005CDEE /* APIDataSource.swift */ = {isa = PBXFileReference; fileEncoding = 4; lastKnownFileType = sourcecode.swift; path = APIDataSource.swift; sourceTree = "<group>"; };
		20A66E111E5416B400F6C80D /* MyPlayground.playground */ = {isa = PBXFileReference; lastKnownFileType = file.playground; path = MyPlayground.playground; sourceTree = "<group>"; };
		20A66E141E546C8A00F6C80D /* AutoMultiPlayerView.swift */ = {isa = PBXFileReference; fileEncoding = 4; lastKnownFileType = sourcecode.swift; path = AutoMultiPlayerView.swift; sourceTree = "<group>"; };
		20C80B151E0C30AB00961C25 /* MusicPlayer2.app */ = {isa = PBXFileReference; explicitFileType = wrapper.application; includeInIndex = 0; path = MusicPlayer2.app; sourceTree = BUILT_PRODUCTS_DIR; };
		20C80B181E0C30AB00961C25 /* AppDelegate.swift */ = {isa = PBXFileReference; lastKnownFileType = sourcecode.swift; path = AppDelegate.swift; sourceTree = "<group>"; };
		20C80B1A1E0C30AB00961C25 /* RootViewController.swift */ = {isa = PBXFileReference; lastKnownFileType = sourcecode.swift; path = RootViewController.swift; sourceTree = "<group>"; };
		20C80B1F1E0C30AB00961C25 /* Assets.xcassets */ = {isa = PBXFileReference; lastKnownFileType = folder.assetcatalog; path = Assets.xcassets; sourceTree = "<group>"; };
		20C80B221E0C30AB00961C25 /* Base */ = {isa = PBXFileReference; lastKnownFileType = file.storyboard; name = Base; path = Base.lproj/LaunchScreen.storyboard; sourceTree = "<group>"; };
		20C80B241E0C30AB00961C25 /* Info.plist */ = {isa = PBXFileReference; lastKnownFileType = text.plist.xml; path = Info.plist; sourceTree = "<group>"; };
		20C80B291E0C30AB00961C25 /* MusicPlayer2Tests.xctest */ = {isa = PBXFileReference; explicitFileType = wrapper.cfbundle; includeInIndex = 0; path = MusicPlayer2Tests.xctest; sourceTree = BUILT_PRODUCTS_DIR; };
		20C80B2D1E0C30AB00961C25 /* MusicPlayer2Tests.swift */ = {isa = PBXFileReference; lastKnownFileType = sourcecode.swift; path = MusicPlayer2Tests.swift; sourceTree = "<group>"; };
		20C80B2F1E0C30AB00961C25 /* Info.plist */ = {isa = PBXFileReference; lastKnownFileType = text.plist.xml; path = Info.plist; sourceTree = "<group>"; };
		20C80B341E0C30AB00961C25 /* MusicPlayer2UITests.xctest */ = {isa = PBXFileReference; explicitFileType = wrapper.cfbundle; includeInIndex = 0; path = MusicPlayer2UITests.xctest; sourceTree = BUILT_PRODUCTS_DIR; };
		20C80B381E0C30AB00961C25 /* MusicPlayer2UITests.swift */ = {isa = PBXFileReference; lastKnownFileType = sourcecode.swift; path = MusicPlayer2UITests.swift; sourceTree = "<group>"; };
		20C80B3A1E0C30AB00961C25 /* Info.plist */ = {isa = PBXFileReference; lastKnownFileType = text.plist.xml; path = Info.plist; sourceTree = "<group>"; };
		20C80B481E0CC8C900961C25 /* PlayerContainerViewController.swift */ = {isa = PBXFileReference; fileEncoding = 4; lastKnownFileType = sourcecode.swift; path = PlayerContainerViewController.swift; sourceTree = "<group>"; };
		20C80B4C1E0EB7CC00961C25 /* MusicListCollectionViewController.swift */ = {isa = PBXFileReference; fileEncoding = 4; lastKnownFileType = sourcecode.swift; path = MusicListCollectionViewController.swift; sourceTree = "<group>"; };
		20C80B501E0ED57400961C25 /* MusicItemCollectionViewCell.swift */ = {isa = PBXFileReference; fileEncoding = 4; lastKnownFileType = sourcecode.swift; path = MusicItemCollectionViewCell.swift; sourceTree = "<group>"; };
		20C80B521E0ED98500961C25 /* PlayerContainerViewController.storyboard */ = {isa = PBXFileReference; fileEncoding = 4; lastKnownFileType = file.storyboard; path = PlayerContainerViewController.storyboard; sourceTree = "<group>"; };
		20C80B541E0ED9B900961C25 /* MusicListCollectionViewController.storyboard */ = {isa = PBXFileReference; fileEncoding = 4; lastKnownFileType = file.storyboard; path = MusicListCollectionViewController.storyboard; sourceTree = "<group>"; };
		20F883B71E51BC030074DE1F /* StyleableView.swift */ = {isa = PBXFileReference; fileEncoding = 4; lastKnownFileType = sourcecode.swift; path = StyleableView.swift; sourceTree = "<group>"; };
		20F883B91E51C4420074DE1F /* TabMenuViewController.swift */ = {isa = PBXFileReference; fileEncoding = 4; lastKnownFileType = sourcecode.swift; path = TabMenuViewController.swift; sourceTree = "<group>"; };
		20F883BB1E51C6D20074DE1F /* TabMenuViewController.storyboard */ = {isa = PBXFileReference; fileEncoding = 4; lastKnownFileType = file.storyboard; path = TabMenuViewController.storyboard; sourceTree = "<group>"; };
		20F883BE1E52F7C10074DE1F /* MusicPlayerManager.swift */ = {isa = PBXFileReference; fileEncoding = 4; lastKnownFileType = sourcecode.swift; path = MusicPlayerManager.swift; sourceTree = "<group>"; };
		20F883C01E5310400074DE1F /* sample.html */ = {isa = PBXFileReference; fileEncoding = 4; lastKnownFileType = text.html; path = sample.html; sourceTree = "<group>"; };
		20F883C21E53D84F0074DE1F /* youtube_ios_player_helper.framework */ = {isa = PBXFileReference; lastKnownFileType = wrapper.framework; name = youtube_ios_player_helper.framework; path = "../../../Library/Developer/Xcode/DerivedData/MusicPlayer2-dcqezoxzczrpwidtjmtpfxhulbdh/Build/Products/Debug-iphonesimulator/youtube-ios-player-helper/youtube_ios_player_helper.framework"; sourceTree = "<group>"; };
		319608CD163A93E2AC26CF0D /* Pods-MusicPlayer2.debug.xcconfig */ = {isa = PBXFileReference; includeInIndex = 1; lastKnownFileType = text.xcconfig; name = "Pods-MusicPlayer2.debug.xcconfig"; path = "Pods/Target Support Files/Pods-MusicPlayer2/Pods-MusicPlayer2.debug.xcconfig"; sourceTree = "<group>"; };
		ACC42F8500E3C6860C41996E /* Pods_MusicPlayer2.framework */ = {isa = PBXFileReference; explicitFileType = wrapper.framework; includeInIndex = 0; path = Pods_MusicPlayer2.framework; sourceTree = BUILT_PRODUCTS_DIR; };
/* End PBXFileReference section */

/* Begin PBXFrameworksBuildPhase section */
		20C80B121E0C30AB00961C25 /* Frameworks */ = {
			isa = PBXFrameworksBuildPhase;
			buildActionMask = 2147483647;
			files = (
				20F883C31E53D84F0074DE1F /* youtube_ios_player_helper.framework in Frameworks */,
				03D2254C31389DACFED61DC8 /* Pods_MusicPlayer2.framework in Frameworks */,
			);
			runOnlyForDeploymentPostprocessing = 0;
		};
		20C80B261E0C30AB00961C25 /* Frameworks */ = {
			isa = PBXFrameworksBuildPhase;
			buildActionMask = 2147483647;
			files = (
			);
			runOnlyForDeploymentPostprocessing = 0;
		};
		20C80B311E0C30AB00961C25 /* Frameworks */ = {
			isa = PBXFrameworksBuildPhase;
			buildActionMask = 2147483647;
			files = (
			);
			runOnlyForDeploymentPostprocessing = 0;
		};
/* End PBXFrameworksBuildPhase section */

/* Begin PBXGroup section */
		0A0816B7B36D87F890D750A3 /* Pods */ = {
			isa = PBXGroup;
			children = (
				319608CD163A93E2AC26CF0D /* Pods-MusicPlayer2.debug.xcconfig */,
				1F641F029768C8381058392B /* Pods-MusicPlayer2.release.xcconfig */,
			);
			name = Pods;
			sourceTree = "<group>";
		};
		201661561E4F607000E6893D /* Domain */ = {
			isa = PBXGroup;
			children = (
				20F883BD1E52F7A00074DE1F /* Manager */,
				2033241F1E5192300005CDEE /* DataSource */,
				201661581E4F614300E6893D /* Model */,
			);
			path = Domain;
			sourceTree = "<group>";
		};
		201661581E4F614300E6893D /* Model */ = {
			isa = PBXGroup;
			children = (
				201661741E515F4000E6893D /* Transforms */,
				2016616D1E51352B00E6893D /* APIResponse */,
				201661591E4F616F00E6893D /* Movie.swift */,
				2016615B1E4F624400E6893D /* Thumbnail.swift */,
				201661671E51345B00E6893D /* APIModel.swift */,
				201661721E51591000E6893D /* MovieDetail.swift */,
			);
			path = Model;
			sourceTree = "<group>";
		};
		201661611E51317B00E6893D /* API */ = {
			isa = PBXGroup;
			children = (
				201661621E51319000E6893D /* YoutubeAPI */,
				201661631E5131C200E6893D /* YoutubeAPIClient.swift */,
				201661651E5131D200E6893D /* APISerializationValue.swift */,
			);
			path = API;
			sourceTree = "<group>";
		};
		201661621E51319000E6893D /* YoutubeAPI */ = {
			isa = PBXGroup;
			children = (
				201661691E5134DE00E6893D /* YoutubeAPI.swift */,
				2016616B1E51350D00E6893D /* YoutubeAPI+Movie.swift */,
			);
			path = YoutubeAPI;
			sourceTree = "<group>";
		};
		2016616D1E51352B00E6893D /* APIResponse */ = {
			isa = PBXGroup;
			children = (
				2016616E1E51355800E6893D /* APISingleResponse.swift */,
				201661701E51356600E6893D /* APIMultipleResponse.swift */,
			);
			path = APIResponse;
			sourceTree = "<group>";
		};
		201661741E515F4000E6893D /* Transforms */ = {
			isa = PBXGroup;
			children = (
				201661751E515F6F00E6893D /* URL+Decodable.swift */,
			);
			path = Transforms;
			sourceTree = "<group>";
		};
		2033241F1E5192300005CDEE /* DataSource */ = {
			isa = PBXGroup;
			children = (
				203324201E5192BC0005CDEE /* APIDataSource.swift */,
			);
			path = DataSource;
			sourceTree = "<group>";
		};
		20C80B0C1E0C30AB00961C25 = {
			isa = PBXGroup;
			children = (
				20C80B171E0C30AB00961C25 /* MusicPlayer2 */,
				20C80B2C1E0C30AB00961C25 /* MusicPlayer2Tests */,
				20C80B371E0C30AB00961C25 /* MusicPlayer2UITests */,
				20C80B161E0C30AB00961C25 /* Products */,
				0A0816B7B36D87F890D750A3 /* Pods */,
				F69B0D260D81620D314B3E27 /* Frameworks */,
			);
			sourceTree = "<group>";
		};
		20C80B161E0C30AB00961C25 /* Products */ = {
			isa = PBXGroup;
			children = (
				20C80B151E0C30AB00961C25 /* MusicPlayer2.app */,
				20C80B291E0C30AB00961C25 /* MusicPlayer2Tests.xctest */,
				20C80B341E0C30AB00961C25 /* MusicPlayer2UITests.xctest */,
			);
			name = Products;
			sourceTree = "<group>";
		};
		20C80B171E0C30AB00961C25 /* MusicPlayer2 */ = {
			isa = PBXGroup;
			children = (
				20F883B61E51BBD80074DE1F /* Utility */,
				201661611E51317B00E6893D /* API */,
				201661561E4F607000E6893D /* Domain */,
				20C80B461E0CB90000961C25 /* Presentation */,
				20C80B181E0C30AB00961C25 /* AppDelegate.swift */,
				20C80B1F1E0C30AB00961C25 /* Assets.xcassets */,
				20C80B211E0C30AB00961C25 /* LaunchScreen.storyboard */,
				20C80B241E0C30AB00961C25 /* Info.plist */,
				20F883C01E5310400074DE1F /* sample.html */,
				20A66E111E5416B400F6C80D /* MyPlayground.playground */,
			);
			path = MusicPlayer2;
			sourceTree = "<group>";
		};
		20C80B2C1E0C30AB00961C25 /* MusicPlayer2Tests */ = {
			isa = PBXGroup;
			children = (
				20C80B2D1E0C30AB00961C25 /* MusicPlayer2Tests.swift */,
				20C80B2F1E0C30AB00961C25 /* Info.plist */,
			);
			path = MusicPlayer2Tests;
			sourceTree = "<group>";
		};
		20C80B371E0C30AB00961C25 /* MusicPlayer2UITests */ = {
			isa = PBXGroup;
			children = (
				20C80B381E0C30AB00961C25 /* MusicPlayer2UITests.swift */,
				20C80B3A1E0C30AB00961C25 /* Info.plist */,
			);
			path = MusicPlayer2UITests;
			sourceTree = "<group>";
		};
		20C80B461E0CB90000961C25 /* Presentation */ = {
			isa = PBXGroup;
			children = (
				20C80B471E0CBA0D00961C25 /* UI */,
			);
			name = Presentation;
			path = Presenter;
			sourceTree = "<group>";
		};
		20C80B471E0CBA0D00961C25 /* UI */ = {
			isa = PBXGroup;
			children = (
				2016615F1E4F64DD00E6893D /* RootViewController.storyboard */,
				20C80B1A1E0C30AB00961C25 /* RootViewController.swift */,
				20C80B521E0ED98500961C25 /* PlayerContainerViewController.storyboard */,
				20C80B481E0CC8C900961C25 /* PlayerContainerViewController.swift */,
				20C80B541E0ED9B900961C25 /* MusicListCollectionViewController.storyboard */,
				20C80B4C1E0EB7CC00961C25 /* MusicListCollectionViewController.swift */,
				20C80B501E0ED57400961C25 /* MusicItemCollectionViewCell.swift */,
				20F883B91E51C4420074DE1F /* TabMenuViewController.swift */,
				20F883BB1E51C6D20074DE1F /* TabMenuViewController.storyboard */,
				20A66E141E546C8A00F6C80D /* AutoMultiPlayerView.swift */,
			);
			path = UI;
			sourceTree = "<group>";
		};
		20F883B61E51BBD80074DE1F /* Utility */ = {
			isa = PBXGroup;
			children = (
				20F883B71E51BC030074DE1F /* StyleableView.swift */,
			);
			path = Utility;
			sourceTree = "<group>";
		};
		20F883BD1E52F7A00074DE1F /* Manager */ = {
			isa = PBXGroup;
			children = (
				20F883BE1E52F7C10074DE1F /* MusicPlayerManager.swift */,
			);
			name = Manager;
			sourceTree = "<group>";
		};
		F69B0D260D81620D314B3E27 /* Frameworks */ = {
			isa = PBXGroup;
			children = (
				20F883C21E53D84F0074DE1F /* youtube_ios_player_helper.framework */,
				ACC42F8500E3C6860C41996E /* Pods_MusicPlayer2.framework */,
			);
			name = Frameworks;
			sourceTree = "<group>";
		};
/* End PBXGroup section */

/* Begin PBXNativeTarget section */
		20C80B141E0C30AB00961C25 /* MusicPlayer2 */ = {
			isa = PBXNativeTarget;
			buildConfigurationList = 20C80B3D1E0C30AB00961C25 /* Build configuration list for PBXNativeTarget "MusicPlayer2" */;
			buildPhases = (
				AE987EE1DAD506ABC990D114 /* [CP] Check Pods Manifest.lock */,
				20C80B111E0C30AB00961C25 /* Sources */,
				20C80B121E0C30AB00961C25 /* Frameworks */,
				20C80B131E0C30AB00961C25 /* Resources */,
				4534CD7E466C87A19C8C1A5C /* [CP] Embed Pods Frameworks */,
				D5430C1540249DFB92E42F8A /* [CP] Copy Pods Resources */,
			);
			buildRules = (
			);
			dependencies = (
			);
			name = MusicPlayer2;
			productName = MusicPlayer2;
			productReference = 20C80B151E0C30AB00961C25 /* MusicPlayer2.app */;
			productType = "com.apple.product-type.application";
		};
		20C80B281E0C30AB00961C25 /* MusicPlayer2Tests */ = {
			isa = PBXNativeTarget;
			buildConfigurationList = 20C80B401E0C30AB00961C25 /* Build configuration list for PBXNativeTarget "MusicPlayer2Tests" */;
			buildPhases = (
				20C80B251E0C30AB00961C25 /* Sources */,
				20C80B261E0C30AB00961C25 /* Frameworks */,
				20C80B271E0C30AB00961C25 /* Resources */,
			);
			buildRules = (
			);
			dependencies = (
				20C80B2B1E0C30AB00961C25 /* PBXTargetDependency */,
			);
			name = MusicPlayer2Tests;
			productName = MusicPlayer2Tests;
			productReference = 20C80B291E0C30AB00961C25 /* MusicPlayer2Tests.xctest */;
			productType = "com.apple.product-type.bundle.unit-test";
		};
		20C80B331E0C30AB00961C25 /* MusicPlayer2UITests */ = {
			isa = PBXNativeTarget;
			buildConfigurationList = 20C80B431E0C30AB00961C25 /* Build configuration list for PBXNativeTarget "MusicPlayer2UITests" */;
			buildPhases = (
				20C80B301E0C30AB00961C25 /* Sources */,
				20C80B311E0C30AB00961C25 /* Frameworks */,
				20C80B321E0C30AB00961C25 /* Resources */,
			);
			buildRules = (
			);
			dependencies = (
				20C80B361E0C30AB00961C25 /* PBXTargetDependency */,
			);
			name = MusicPlayer2UITests;
			productName = MusicPlayer2UITests;
			productReference = 20C80B341E0C30AB00961C25 /* MusicPlayer2UITests.xctest */;
			productType = "com.apple.product-type.bundle.ui-testing";
		};
/* End PBXNativeTarget section */

/* Begin PBXProject section */
		20C80B0D1E0C30AB00961C25 /* Project object */ = {
			isa = PBXProject;
			attributes = {
				LastSwiftUpdateCheck = 0820;
				LastUpgradeCheck = 0820;
				ORGANIZATIONNAME = "Masayuki Kagae";
				TargetAttributes = {
					20C80B141E0C30AB00961C25 = {
						CreatedOnToolsVersion = 8.2;
						DevelopmentTeam = 8CAQREKNXC;
						ProvisioningStyle = Automatic;
						SystemCapabilities = {
							com.apple.BackgroundModes = {
								enabled = 1;
							};
						};
					};
					20C80B281E0C30AB00961C25 = {
						CreatedOnToolsVersion = 8.2;
						DevelopmentTeam = 8CAQREKNXC;
						ProvisioningStyle = Automatic;
						TestTargetID = 20C80B141E0C30AB00961C25;
					};
					20C80B331E0C30AB00961C25 = {
						CreatedOnToolsVersion = 8.2;
						DevelopmentTeam = 8CAQREKNXC;
						ProvisioningStyle = Automatic;
						TestTargetID = 20C80B141E0C30AB00961C25;
					};
				};
			};
			buildConfigurationList = 20C80B101E0C30AB00961C25 /* Build configuration list for PBXProject "MusicPlayer2" */;
			compatibilityVersion = "Xcode 3.2";
			developmentRegion = English;
			hasScannedForEncodings = 0;
			knownRegions = (
				en,
				Base,
			);
			mainGroup = 20C80B0C1E0C30AB00961C25;
			productRefGroup = 20C80B161E0C30AB00961C25 /* Products */;
			projectDirPath = "";
			projectRoot = "";
			targets = (
				20C80B141E0C30AB00961C25 /* MusicPlayer2 */,
				20C80B281E0C30AB00961C25 /* MusicPlayer2Tests */,
				20C80B331E0C30AB00961C25 /* MusicPlayer2UITests */,
			);
		};
/* End PBXProject section */

/* Begin PBXResourcesBuildPhase section */
		20C80B131E0C30AB00961C25 /* Resources */ = {
			isa = PBXResourcesBuildPhase;
			buildActionMask = 2147483647;
			files = (
				20C80B231E0C30AB00961C25 /* LaunchScreen.storyboard in Resources */,
				20F883C11E5310400074DE1F /* sample.html in Resources */,
				20C80B551E0ED9B900961C25 /* MusicListCollectionViewController.storyboard in Resources */,
				20F883BC1E51C6D20074DE1F /* TabMenuViewController.storyboard in Resources */,
				20C80B531E0ED98500961C25 /* PlayerContainerViewController.storyboard in Resources */,
				201661601E4F64DD00E6893D /* RootViewController.storyboard in Resources */,
				20C80B201E0C30AB00961C25 /* Assets.xcassets in Resources */,
			);
			runOnlyForDeploymentPostprocessing = 0;
		};
		20C80B271E0C30AB00961C25 /* Resources */ = {
			isa = PBXResourcesBuildPhase;
			buildActionMask = 2147483647;
			files = (
			);
			runOnlyForDeploymentPostprocessing = 0;
		};
		20C80B321E0C30AB00961C25 /* Resources */ = {
			isa = PBXResourcesBuildPhase;
			buildActionMask = 2147483647;
			files = (
			);
			runOnlyForDeploymentPostprocessing = 0;
		};
/* End PBXResourcesBuildPhase section */

/* Begin PBXShellScriptBuildPhase section */
		4534CD7E466C87A19C8C1A5C /* [CP] Embed Pods Frameworks */ = {
			isa = PBXShellScriptBuildPhase;
			buildActionMask = 2147483647;
			files = (
			);
			inputPaths = (
			);
			name = "[CP] Embed Pods Frameworks";
			outputPaths = (
			);
			runOnlyForDeploymentPostprocessing = 0;
			shellPath = /bin/sh;
			shellScript = "\"${SRCROOT}/Pods/Target Support Files/Pods-MusicPlayer2/Pods-MusicPlayer2-frameworks.sh\"\n";
			showEnvVarsInLog = 0;
		};
		AE987EE1DAD506ABC990D114 /* [CP] Check Pods Manifest.lock */ = {
			isa = PBXShellScriptBuildPhase;
			buildActionMask = 2147483647;
			files = (
			);
			inputPaths = (
			);
			name = "[CP] Check Pods Manifest.lock";
			outputPaths = (
			);
			runOnlyForDeploymentPostprocessing = 0;
			shellPath = /bin/sh;
			shellScript = "diff \"${PODS_ROOT}/../Podfile.lock\" \"${PODS_ROOT}/Manifest.lock\" > /dev/null\nif [ $? != 0 ] ; then\n    # print error to STDERR\n    echo \"error: The sandbox is not in sync with the Podfile.lock. Run 'pod install' or update your CocoaPods installation.\" >&2\n    exit 1\nfi\n";
			showEnvVarsInLog = 0;
		};
		D5430C1540249DFB92E42F8A /* [CP] Copy Pods Resources */ = {
			isa = PBXShellScriptBuildPhase;
			buildActionMask = 2147483647;
			files = (
			);
			inputPaths = (
			);
			name = "[CP] Copy Pods Resources";
			outputPaths = (
			);
			runOnlyForDeploymentPostprocessing = 0;
			shellPath = /bin/sh;
			shellScript = "\"${SRCROOT}/Pods/Target Support Files/Pods-MusicPlayer2/Pods-MusicPlayer2-resources.sh\"\n";
			showEnvVarsInLog = 0;
		};
/* End PBXShellScriptBuildPhase section */

/* Begin PBXSourcesBuildPhase section */
		20C80B111E0C30AB00961C25 /* Sources */ = {
			isa = PBXSourcesBuildPhase;
			buildActionMask = 2147483647;
			files = (
				20C80B1B1E0C30AB00961C25 /* RootViewController.swift in Sources */,
				20C80B191E0C30AB00961C25 /* AppDelegate.swift in Sources */,
				2016615A1E4F616F00E6893D /* Movie.swift in Sources */,
				2016616F1E51355800E6893D /* APISingleResponse.swift in Sources */,
				2016616A1E5134DE00E6893D /* YoutubeAPI.swift in Sources */,
				201661711E51356600E6893D /* APIMultipleResponse.swift in Sources */,
				20C80B4D1E0EB7CC00961C25 /* MusicListCollectionViewController.swift in Sources */,
				203324211E5192BC0005CDEE /* APIDataSource.swift in Sources */,
				20F883BF1E52F7C10074DE1F /* MusicPlayerManager.swift in Sources */,
				201661681E51345B00E6893D /* APIModel.swift in Sources */,
				201661731E51591000E6893D /* MovieDetail.swift in Sources */,
				201661661E5131D200E6893D /* APISerializationValue.swift in Sources */,
				20A66E151E546C8A00F6C80D /* AutoMultiPlayerView.swift in Sources */,
				20C80B511E0ED57400961C25 /* MusicItemCollectionViewCell.swift in Sources */,
				20C80B491E0CC8C900961C25 /* PlayerContainerViewController.swift in Sources */,
				2016615C1E4F624400E6893D /* Thumbnail.swift in Sources */,
				201661641E5131C200E6893D /* YoutubeAPIClient.swift in Sources */,
				2016616C1E51350D00E6893D /* YoutubeAPI+Movie.swift in Sources */,
				20F883B81E51BC030074DE1F /* StyleableView.swift in Sources */,
				20F883BA1E51C4420074DE1F /* TabMenuViewController.swift in Sources */,
				201661761E515F6F00E6893D /* URL+Decodable.swift in Sources */,
			);
			runOnlyForDeploymentPostprocessing = 0;
		};
		20C80B251E0C30AB00961C25 /* Sources */ = {
			isa = PBXSourcesBuildPhase;
			buildActionMask = 2147483647;
			files = (
				20C80B2E1E0C30AB00961C25 /* MusicPlayer2Tests.swift in Sources */,
			);
			runOnlyForDeploymentPostprocessing = 0;
		};
		20C80B301E0C30AB00961C25 /* Sources */ = {
			isa = PBXSourcesBuildPhase;
			buildActionMask = 2147483647;
			files = (
				20C80B391E0C30AB00961C25 /* MusicPlayer2UITests.swift in Sources */,
			);
			runOnlyForDeploymentPostprocessing = 0;
		};
/* End PBXSourcesBuildPhase section */

/* Begin PBXTargetDependency section */
		20C80B2B1E0C30AB00961C25 /* PBXTargetDependency */ = {
			isa = PBXTargetDependency;
			target = 20C80B141E0C30AB00961C25 /* MusicPlayer2 */;
			targetProxy = 20C80B2A1E0C30AB00961C25 /* PBXContainerItemProxy */;
		};
		20C80B361E0C30AB00961C25 /* PBXTargetDependency */ = {
			isa = PBXTargetDependency;
			target = 20C80B141E0C30AB00961C25 /* MusicPlayer2 */;
			targetProxy = 20C80B351E0C30AB00961C25 /* PBXContainerItemProxy */;
		};
/* End PBXTargetDependency section */

/* Begin PBXVariantGroup section */
		20C80B211E0C30AB00961C25 /* LaunchScreen.storyboard */ = {
			isa = PBXVariantGroup;
			children = (
				20C80B221E0C30AB00961C25 /* Base */,
			);
			name = LaunchScreen.storyboard;
			sourceTree = "<group>";
		};
/* End PBXVariantGroup section */

/* Begin XCBuildConfiguration section */
		20C80B3B1E0C30AB00961C25 /* Debug */ = {
			isa = XCBuildConfiguration;
			buildSettings = {
				ALWAYS_SEARCH_USER_PATHS = NO;
				CLANG_ANALYZER_NONNULL = YES;
				CLANG_CXX_LANGUAGE_STANDARD = "gnu++0x";
				CLANG_CXX_LIBRARY = "libc++";
				CLANG_ENABLE_MODULES = YES;
				CLANG_ENABLE_OBJC_ARC = YES;
				CLANG_WARN_BOOL_CONVERSION = YES;
				CLANG_WARN_CONSTANT_CONVERSION = YES;
				CLANG_WARN_DIRECT_OBJC_ISA_USAGE = YES_ERROR;
				CLANG_WARN_DOCUMENTATION_COMMENTS = YES;
				CLANG_WARN_EMPTY_BODY = YES;
				CLANG_WARN_ENUM_CONVERSION = YES;
				CLANG_WARN_INFINITE_RECURSION = YES;
				CLANG_WARN_INT_CONVERSION = YES;
				CLANG_WARN_OBJC_ROOT_CLASS = YES_ERROR;
				CLANG_WARN_SUSPICIOUS_MOVE = YES;
				CLANG_WARN_UNREACHABLE_CODE = YES;
				CLANG_WARN__DUPLICATE_METHOD_MATCH = YES;
				"CODE_SIGN_IDENTITY[sdk=iphoneos*]" = "iPhone Developer";
				COPY_PHASE_STRIP = NO;
				DEBUG_INFORMATION_FORMAT = dwarf;
				ENABLE_STRICT_OBJC_MSGSEND = YES;
				ENABLE_TESTABILITY = YES;
				GCC_C_LANGUAGE_STANDARD = gnu99;
				GCC_DYNAMIC_NO_PIC = NO;
				GCC_NO_COMMON_BLOCKS = YES;
				GCC_OPTIMIZATION_LEVEL = 0;
				GCC_PREPROCESSOR_DEFINITIONS = (
					"DEBUG=1",
					"$(inherited)",
				);
				GCC_WARN_64_TO_32_BIT_CONVERSION = YES;
				GCC_WARN_ABOUT_RETURN_TYPE = YES_ERROR;
				GCC_WARN_UNDECLARED_SELECTOR = YES;
				GCC_WARN_UNINITIALIZED_AUTOS = YES_AGGRESSIVE;
				GCC_WARN_UNUSED_FUNCTION = YES;
				GCC_WARN_UNUSED_VARIABLE = YES;
				IPHONEOS_DEPLOYMENT_TARGET = 10.2;
				MTL_ENABLE_DEBUG_INFO = YES;
				ONLY_ACTIVE_ARCH = YES;
				SDKROOT = iphoneos;
				SWIFT_ACTIVE_COMPILATION_CONDITIONS = DEBUG;
				SWIFT_OPTIMIZATION_LEVEL = "-Onone";
				TARGETED_DEVICE_FAMILY = "1,2";
			};
			name = Debug;
		};
		20C80B3C1E0C30AB00961C25 /* Release */ = {
			isa = XCBuildConfiguration;
			buildSettings = {
				ALWAYS_SEARCH_USER_PATHS = NO;
				CLANG_ANALYZER_NONNULL = YES;
				CLANG_CXX_LANGUAGE_STANDARD = "gnu++0x";
				CLANG_CXX_LIBRARY = "libc++";
				CLANG_ENABLE_MODULES = YES;
				CLANG_ENABLE_OBJC_ARC = YES;
				CLANG_WARN_BOOL_CONVERSION = YES;
				CLANG_WARN_CONSTANT_CONVERSION = YES;
				CLANG_WARN_DIRECT_OBJC_ISA_USAGE = YES_ERROR;
				CLANG_WARN_DOCUMENTATION_COMMENTS = YES;
				CLANG_WARN_EMPTY_BODY = YES;
				CLANG_WARN_ENUM_CONVERSION = YES;
				CLANG_WARN_INFINITE_RECURSION = YES;
				CLANG_WARN_INT_CONVERSION = YES;
				CLANG_WARN_OBJC_ROOT_CLASS = YES_ERROR;
				CLANG_WARN_SUSPICIOUS_MOVE = YES;
				CLANG_WARN_UNREACHABLE_CODE = YES;
				CLANG_WARN__DUPLICATE_METHOD_MATCH = YES;
				"CODE_SIGN_IDENTITY[sdk=iphoneos*]" = "iPhone Developer";
				COPY_PHASE_STRIP = NO;
				DEBUG_INFORMATION_FORMAT = "dwarf-with-dsym";
				ENABLE_NS_ASSERTIONS = NO;
				ENABLE_STRICT_OBJC_MSGSEND = YES;
				GCC_C_LANGUAGE_STANDARD = gnu99;
				GCC_NO_COMMON_BLOCKS = YES;
				GCC_WARN_64_TO_32_BIT_CONVERSION = YES;
				GCC_WARN_ABOUT_RETURN_TYPE = YES_ERROR;
				GCC_WARN_UNDECLARED_SELECTOR = YES;
				GCC_WARN_UNINITIALIZED_AUTOS = YES_AGGRESSIVE;
				GCC_WARN_UNUSED_FUNCTION = YES;
				GCC_WARN_UNUSED_VARIABLE = YES;
				IPHONEOS_DEPLOYMENT_TARGET = 10.2;
				MTL_ENABLE_DEBUG_INFO = NO;
				SDKROOT = iphoneos;
				SWIFT_OPTIMIZATION_LEVEL = "-Owholemodule";
				TARGETED_DEVICE_FAMILY = "1,2";
				VALIDATE_PRODUCT = YES;
			};
			name = Release;
		};
		20C80B3E1E0C30AB00961C25 /* Debug */ = {
			isa = XCBuildConfiguration;
			baseConfigurationReference = 319608CD163A93E2AC26CF0D /* Pods-MusicPlayer2.debug.xcconfig */;
			buildSettings = {
				ASSETCATALOG_COMPILER_APPICON_NAME = AppIcon;
				DEVELOPMENT_TEAM = 8CAQREKNXC;
				INFOPLIST_FILE = MusicPlayer2/Info.plist;
				LD_RUNPATH_SEARCH_PATHS = "$(inherited) @executable_path/Frameworks";
				PRODUCT_BUNDLE_IDENTIFIER = yuutetu.MusicPlayer2;
				PRODUCT_NAME = "$(TARGET_NAME)";
				SWIFT_VERSION = 3.0;
			};
			name = Debug;
		};
		20C80B3F1E0C30AB00961C25 /* Release */ = {
			isa = XCBuildConfiguration;
			baseConfigurationReference = 1F641F029768C8381058392B /* Pods-MusicPlayer2.release.xcconfig */;
			buildSettings = {
				ASSETCATALOG_COMPILER_APPICON_NAME = AppIcon;
				DEVELOPMENT_TEAM = 8CAQREKNXC;
				INFOPLIST_FILE = MusicPlayer2/Info.plist;
				LD_RUNPATH_SEARCH_PATHS = "$(inherited) @executable_path/Frameworks";
				PRODUCT_BUNDLE_IDENTIFIER = yuutetu.MusicPlayer2;
				PRODUCT_NAME = "$(TARGET_NAME)";
				SWIFT_VERSION = 3.0;
			};
			name = Release;
		};
		20C80B411E0C30AB00961C25 /* Debug */ = {
			isa = XCBuildConfiguration;
			buildSettings = {
				ALWAYS_EMBED_SWIFT_STANDARD_LIBRARIES = YES;
				BUNDLE_LOADER = "$(TEST_HOST)";
				DEVELOPMENT_TEAM = 8CAQREKNXC;
				INFOPLIST_FILE = MusicPlayer2Tests/Info.plist;
				LD_RUNPATH_SEARCH_PATHS = "$(inherited) @executable_path/Frameworks @loader_path/Frameworks";
				PRODUCT_BUNDLE_IDENTIFIER = yuutetu.MusicPlayer2Tests;
				PRODUCT_NAME = "$(TARGET_NAME)";
				SWIFT_VERSION = 3.0;
				TEST_HOST = "$(BUILT_PRODUCTS_DIR)/MusicPlayer2.app/MusicPlayer2";
			};
			name = Debug;
		};
		20C80B421E0C30AB00961C25 /* Release */ = {
			isa = XCBuildConfiguration;
			buildSettings = {
				ALWAYS_EMBED_SWIFT_STANDARD_LIBRARIES = YES;
				BUNDLE_LOADER = "$(TEST_HOST)";
				DEVELOPMENT_TEAM = 8CAQREKNXC;
				INFOPLIST_FILE = MusicPlayer2Tests/Info.plist;
				LD_RUNPATH_SEARCH_PATHS = "$(inherited) @executable_path/Frameworks @loader_path/Frameworks";
				PRODUCT_BUNDLE_IDENTIFIER = yuutetu.MusicPlayer2Tests;
				PRODUCT_NAME = "$(TARGET_NAME)";
				SWIFT_VERSION = 3.0;
				TEST_HOST = "$(BUILT_PRODUCTS_DIR)/MusicPlayer2.app/MusicPlayer2";
			};
			name = Release;
		};
		20C80B441E0C30AB00961C25 /* Debug */ = {
			isa = XCBuildConfiguration;
			buildSettings = {
				ALWAYS_EMBED_SWIFT_STANDARD_LIBRARIES = YES;
				DEVELOPMENT_TEAM = 8CAQREKNXC;
				INFOPLIST_FILE = MusicPlayer2UITests/Info.plist;
				LD_RUNPATH_SEARCH_PATHS = "$(inherited) @executable_path/Frameworks @loader_path/Frameworks";
				PRODUCT_BUNDLE_IDENTIFIER = yuutetu.MusicPlayer2UITests;
				PRODUCT_NAME = "$(TARGET_NAME)";
				SWIFT_VERSION = 3.0;
				TEST_TARGET_NAME = MusicPlayer2;
			};
			name = Debug;
		};
		20C80B451E0C30AB00961C25 /* Release */ = {
			isa = XCBuildConfiguration;
			buildSettings = {
				ALWAYS_EMBED_SWIFT_STANDARD_LIBRARIES = YES;
				DEVELOPMENT_TEAM = 8CAQREKNXC;
				INFOPLIST_FILE = MusicPlayer2UITests/Info.plist;
				LD_RUNPATH_SEARCH_PATHS = "$(inherited) @executable_path/Frameworks @loader_path/Frameworks";
				PRODUCT_BUNDLE_IDENTIFIER = yuutetu.MusicPlayer2UITests;
				PRODUCT_NAME = "$(TARGET_NAME)";
				SWIFT_VERSION = 3.0;
				TEST_TARGET_NAME = MusicPlayer2;
			};
			name = Release;
		};
/* End XCBuildConfiguration section */

/* Begin XCConfigurationList section */
		20C80B101E0C30AB00961C25 /* Build configuration list for PBXProject "MusicPlayer2" */ = {
			isa = XCConfigurationList;
			buildConfigurations = (
				20C80B3B1E0C30AB00961C25 /* Debug */,
				20C80B3C1E0C30AB00961C25 /* Release */,
			);
			defaultConfigurationIsVisible = 0;
			defaultConfigurationName = Release;
		};
		20C80B3D1E0C30AB00961C25 /* Build configuration list for PBXNativeTarget "MusicPlayer2" */ = {
			isa = XCConfigurationList;
			buildConfigurations = (
				20C80B3E1E0C30AB00961C25 /* Debug */,
				20C80B3F1E0C30AB00961C25 /* Release */,
			);
			defaultConfigurationIsVisible = 0;
			defaultConfigurationName = Release;
		};
		20C80B401E0C30AB00961C25 /* Build configuration list for PBXNativeTarget "MusicPlayer2Tests" */ = {
			isa = XCConfigurationList;
			buildConfigurations = (
				20C80B411E0C30AB00961C25 /* Debug */,
				20C80B421E0C30AB00961C25 /* Release */,
			);
			defaultConfigurationIsVisible = 0;
			defaultConfigurationName = Release;
		};
		20C80B431E0C30AB00961C25 /* Build configuration list for PBXNativeTarget "MusicPlayer2UITests" */ = {
			isa = XCConfigurationList;
			buildConfigurations = (
				20C80B441E0C30AB00961C25 /* Debug */,
				20C80B451E0C30AB00961C25 /* Release */,
			);
			defaultConfigurationIsVisible = 0;
			defaultConfigurationName = Release;
		};
/* End XCConfigurationList section */
	};
	rootObject = 20C80B0D1E0C30AB00961C25 /* Project object */;
}
